
Microsoft Visual Studio Solution File, Format Version 12.00
# Visual Studio Version 16
VisualStudioVersion = 16.0.30503.244
MinimumVisualStudioVersion = 10.0.40219.1
Project("{FAE04EC0-301F-11D3-BF4B-00C04F79EFBC}") = "Dcrew.Collisions", "Dcrew.Collisions.csproj", "{92B439B6-9482-409F-A1F7-C329F442850D}"
EndProject
Global
	GlobalSection(SolutionConfigurationPlatforms) = preSolution
		Debug|Any CPU = Debug|Any CPU
		Release|Any CPU = Release|Any CPU
	EndGlobalSection
	GlobalSection(ProjectConfigurationPlatforms) = postSolution
		{92B439B6-9482-409F-A1F7-C329F442850D}.Debug|Any CPU.ActiveCfg = Debug|Any CPU
		{92B439B6-9482-409F-A1F7-C329F442850D}.Debug|Any CPU.Build.0 = Debug|Any CPU
		{92B439B6-9482-409F-A1F7-C329F442850D}.Release|Any CPU.ActiveCfg = Release|Any CPU
		{92B439B6-9482-409F-A1F7-C329F442850D}.Release|Any CPU.Build.0 = Release|Any CPU
	EndGlobalSection
	GlobalSection(SolutionProperties) = preSolution
		HideSolutionNode = FALSE
	EndGlobalSection
	GlobalSection(ExtensibilityGlobals) = postSolution
		SolutionGuid = {EF1967B9-E62E-4EFD-B587-BC224DED725B}
	EndGlobalSection
EndGlobal
